
Microsoft Visual Studio Solution File, Format Version 12.00
# Visual Studio Version 16
VisualStudioVersion = 16.0.32126.315
MinimumVisualStudioVersion = 10.0.40219.1
Project("{FAE04EC0-301F-11D3-BF4B-00C04F79EFBC}") = "Geometria", "Tareas CSharp Jorge Paulino\Geometria.csproj", "{A5C35FCA-C686-4441-8F3A-8107B0C43DDA}"
EndProject
Project("{FAE04EC0-301F-11D3-BF4B-00C04F79EFBC}") = "Otros Tipos de datos", "Otros Tipos de datos\Otros Tipos de datos.csproj", "{EF0E0FE5-A4AE-4F57-84D4-69C8FFF07DC9}"
EndProject
Project("{FAE04EC0-301F-11D3-BF4B-00C04F79EFBC}") = "Historia", "Historia\Historia.csproj", "{A449E73C-E37E-4A2C-A132-AA2D5CDAEAB2}"
EndProject
Global
	GlobalSection(SolutionConfigurationPlatforms) = preSolution
		Debug|Any CPU = Debug|Any CPU
		Release|Any CPU = Release|Any CPU
	EndGlobalSection
	GlobalSection(ProjectConfigurationPlatforms) = postSolution
		{A5C35FCA-C686-4441-8F3A-8107B0C43DDA}.Debug|Any CPU.ActiveCfg = Debug|Any CPU
		{A5C35FCA-C686-4441-8F3A-8107B0C43DDA}.Debug|Any CPU.Build.0 = Debug|Any CPU
		{A5C35FCA-C686-4441-8F3A-8107B0C43DDA}.Release|Any CPU.ActiveCfg = Release|Any CPU
		{A5C35FCA-C686-4441-8F3A-8107B0C43DDA}.Release|Any CPU.Build.0 = Release|Any CPU
		{EF0E0FE5-A4AE-4F57-84D4-69C8FFF07DC9}.Debug|Any CPU.ActiveCfg = Debug|Any CPU
		{EF0E0FE5-A4AE-4F57-84D4-69C8FFF07DC9}.Debug|Any CPU.Build.0 = Debug|Any CPU
		{EF0E0FE5-A4AE-4F57-84D4-69C8FFF07DC9}.Release|Any CPU.ActiveCfg = Release|Any CPU
		{EF0E0FE5-A4AE-4F57-84D4-69C8FFF07DC9}.Release|Any CPU.Build.0 = Release|Any CPU
		{A449E73C-E37E-4A2C-A132-AA2D5CDAEAB2}.Debug|Any CPU.ActiveCfg = Debug|Any CPU
		{A449E73C-E37E-4A2C-A132-AA2D5CDAEAB2}.Debug|Any CPU.Build.0 = Debug|Any CPU
		{A449E73C-E37E-4A2C-A132-AA2D5CDAEAB2}.Release|Any CPU.ActiveCfg = Release|Any CPU
		{A449E73C-E37E-4A2C-A132-AA2D5CDAEAB2}.Release|Any CPU.Build.0 = Release|Any CPU
	EndGlobalSection
	GlobalSection(SolutionProperties) = preSolution
		HideSolutionNode = FALSE
	EndGlobalSection
	GlobalSection(ExtensibilityGlobals) = postSolution
		SolutionGuid = {835710F5-6F32-48ED-AC26-CA7D9A1F78BD}
	EndGlobalSection
EndGlobal
